// !$*UTF8*$!
{
	archiveVersion = 1;
	classes = {
	};
	objectVersion = 50;
	objects = {

/* Begin PBXBuildFile section */
		E11DAD36242B92E700B4B733 /* AppDelegate.swift in Sources */ = {isa = PBXBuildFile; fileRef = E11DAD35242B92E700B4B733 /* AppDelegate.swift */; };
		E11DAD38242B92E700B4B733 /* SceneDelegate.swift in Sources */ = {isa = PBXBuildFile; fileRef = E11DAD37242B92E700B4B733 /* SceneDelegate.swift */; };
		E11DAD3A242B92E700B4B733 /* ViewController.swift in Sources */ = {isa = PBXBuildFile; fileRef = E11DAD39242B92E700B4B733 /* ViewController.swift */; };
		E11DAD3D242B92E700B4B733 /* Main.storyboard in Resources */ = {isa = PBXBuildFile; fileRef = E11DAD3B242B92E700B4B733 /* Main.storyboard */; };
		E11DAD3F242B92E800B4B733 /* Assets.xcassets in Resources */ = {isa = PBXBuildFile; fileRef = E11DAD3E242B92E800B4B733 /* Assets.xcassets */; };
		E11DAD42242B92E800B4B733 /* LaunchScreen.storyboard in Resources */ = {isa = PBXBuildFile; fileRef = E11DAD40242B92E800B4B733 /* LaunchScreen.storyboard */; };
		E11DAD4D242B92E800B4B733 /* HealthChallengeTests.swift in Sources */ = {isa = PBXBuildFile; fileRef = E11DAD4C242B92E800B4B733 /* HealthChallengeTests.swift */; };
/* End PBXBuildFile section */

/* Begin PBXContainerItemProxy section */
		E11DAD49242B92E800B4B733 /* PBXContainerItemProxy */ = {
			isa = PBXContainerItemProxy;
			containerPortal = E11DAD2A242B92E600B4B733 /* Project object */;
			proxyType = 1;
			remoteGlobalIDString = E11DAD31242B92E600B4B733;
			remoteInfo = HealthChallenge;
		};
/* End PBXContainerItemProxy section */

/* Begin PBXFileReference section */
		E11DAD32242B92E700B4B733 /* HealthChallenge.app */ = {isa = PBXFileReference; explicitFileType = wrapper.application; includeInIndex = 0; path = HealthChallenge.app; sourceTree = BUILT_PRODUCTS_DIR; };
		E11DAD35242B92E700B4B733 /* AppDelegate.swift */ = {isa = PBXFileReference; lastKnownFileType = sourcecode.swift; path = AppDelegate.swift; sourceTree = "<group>"; };
		E11DAD37242B92E700B4B733 /* SceneDelegate.swift */ = {isa = PBXFileReference; lastKnownFileType = sourcecode.swift; path = SceneDelegate.swift; sourceTree = "<group>"; };
		E11DAD39242B92E700B4B733 /* ViewController.swift */ = {isa = PBXFileReference; lastKnownFileType = sourcecode.swift; path = ViewController.swift; sourceTree = "<group>"; };
		E11DAD3C242B92E700B4B733 /* Base */ = {isa = PBXFileReference; lastKnownFileType = file.storyboard; name = Base; path = Base.lproj/Main.storyboard; sourceTree = "<group>"; };
		E11DAD3E242B92E800B4B733 /* Assets.xcassets */ = {isa = PBXFileReference; lastKnownFileType = folder.assetcatalog; path = Assets.xcassets; sourceTree = "<group>"; };
		E11DAD41242B92E800B4B733 /* Base */ = {isa = PBXFileReference; lastKnownFileType = file.storyboard; name = Base; path = Base.lproj/LaunchScreen.storyboard; sourceTree = "<group>"; };
		E11DAD43242B92E800B4B733 /* Info.plist */ = {isa = PBXFileReference; lastKnownFileType = text.plist.xml; path = Info.plist; sourceTree = "<group>"; };
		E11DAD48242B92E800B4B733 /* HealthChallengeTests.xctest */ = {isa = PBXFileReference; explicitFileType = wrapper.cfbundle; includeInIndex = 0; path = HealthChallengeTests.xctest; sourceTree = BUILT_PRODUCTS_DIR; };
		E11DAD4C242B92E800B4B733 /* HealthChallengeTests.swift */ = {isa = PBXFileReference; lastKnownFileType = sourcecode.swift; path = HealthChallengeTests.swift; sourceTree = "<group>"; };
		E11DAD4E242B92E800B4B733 /* Info.plist */ = {isa = PBXFileReference; lastKnownFileType = text.plist.xml; path = Info.plist; sourceTree = "<group>"; };
/* End PBXFileReference section */

/* Begin PBXFrameworksBuildPhase section */
		E11DAD2F242B92E600B4B733 /* Frameworks */ = {
			isa = PBXFrameworksBuildPhase;
			buildActionMask = 2147483647;
			files = (
			);
			runOnlyForDeploymentPostprocessing = 0;
		};
		E11DAD45242B92E800B4B733 /* Frameworks */ = {
			isa = PBXFrameworksBuildPhase;
			buildActionMask = 2147483647;
			files = (
			);
			runOnlyForDeploymentPostprocessing = 0;
		};
/* End PBXFrameworksBuildPhase section */

/* Begin PBXGroup section */
		E11DAD29242B92E600B4B733 = {
			isa = PBXGroup;
			children = (
				E11DAD34242B92E700B4B733 /* HealthChallenge */,
				E11DAD4B242B92E800B4B733 /* HealthChallengeTests */,
				E11DAD33242B92E700B4B733 /* Products */,
			);
			sourceTree = "<group>";
		};
		E11DAD33242B92E700B4B733 /* Products */ = {
			isa = PBXGroup;
			children = (
				E11DAD32242B92E700B4B733 /* HealthChallenge.app */,
				E11DAD48242B92E800B4B733 /* HealthChallengeTests.xctest */,
			);
			name = Products;
			sourceTree = "<group>";
		};
		E11DAD34242B92E700B4B733 /* HealthChallenge */ = {
			isa = PBXGroup;
			children = (
				E11DAD35242B92E700B4B733 /* AppDelegate.swift */,
				E11DAD37242B92E700B4B733 /* SceneDelegate.swift */,
				E11DAD39242B92E700B4B733 /* ViewController.swift */,
				E11DAD3B242B92E700B4B733 /* Main.storyboard */,
				E11DAD3E242B92E800B4B733 /* Assets.xcassets */,
				E11DAD40242B92E800B4B733 /* LaunchScreen.storyboard */,
				E11DAD43242B92E800B4B733 /* Info.plist */,
			);
			path = HealthChallenge;
			sourceTree = "<group>";
		};
		E11DAD4B242B92E800B4B733 /* HealthChallengeTests */ = {
			isa = PBXGroup;
			children = (
				E11DAD4C242B92E800B4B733 /* HealthChallengeTests.swift */,
				E11DAD4E242B92E800B4B733 /* Info.plist */,
			);
			path = HealthChallengeTests;
			sourceTree = "<group>";
		};
/* End PBXGroup section */

/* Begin PBXNativeTarget section */
		E11DAD31242B92E600B4B733 /* HealthChallenge */ = {
			isa = PBXNativeTarget;
			buildConfigurationList = E11DAD51242B92E800B4B733 /* Build configuration list for PBXNativeTarget "HealthChallenge" */;
			buildPhases = (
				E11DAD2E242B92E600B4B733 /* Sources */,
				E11DAD2F242B92E600B4B733 /* Frameworks */,
				E11DAD30242B92E600B4B733 /* Resources */,
			);
			buildRules = (
			);
			dependencies = (
			);
			name = HealthChallenge;
			productName = HealthChallenge;
			productReference = E11DAD32242B92E700B4B733 /* HealthChallenge.app */;
			productType = "com.apple.product-type.application";
		};
		E11DAD47242B92E800B4B733 /* HealthChallengeTests */ = {
			isa = PBXNativeTarget;
			buildConfigurationList = E11DAD54242B92E800B4B733 /* Build configuration list for PBXNativeTarget "HealthChallengeTests" */;
			buildPhases = (
				E11DAD44242B92E800B4B733 /* Sources */,
				E11DAD45242B92E800B4B733 /* Frameworks */,
				E11DAD46242B92E800B4B733 /* Resources */,
			);
			buildRules = (
			);
			dependencies = (
				E11DAD4A242B92E800B4B733 /* PBXTargetDependency */,
			);
			name = HealthChallengeTests;
			productName = HealthChallengeTests;
			productReference = E11DAD48242B92E800B4B733 /* HealthChallengeTests.xctest */;
			productType = "com.apple.product-type.bundle.unit-test";
		};
/* End PBXNativeTarget section */

/* Begin PBXProject section */
		E11DAD2A242B92E600B4B733 /* Project object */ = {
			isa = PBXProject;
			attributes = {
				LastSwiftUpdateCheck = 1130;
				LastUpgradeCheck = 1130;
				ORGANIZATIONNAME = "Rafael Andres Amezquita Mejia";
				TargetAttributes = {
					E11DAD31242B92E600B4B733 = {
						CreatedOnToolsVersion = 11.3.1;
					};
					E11DAD47242B92E800B4B733 = {
						CreatedOnToolsVersion = 11.3.1;
						TestTargetID = E11DAD31242B92E600B4B733;
					};
				};
			};
			buildConfigurationList = E11DAD2D242B92E600B4B733 /* Build configuration list for PBXProject "HealthChallenge" */;
			compatibilityVersion = "Xcode 9.3";
			developmentRegion = en;
			hasScannedForEncodings = 0;
			knownRegions = (
				en,
				Base,
			);
			mainGroup = E11DAD29242B92E600B4B733;
			productRefGroup = E11DAD33242B92E700B4B733 /* Products */;
			projectDirPath = "";
			projectRoot = "";
			targets = (
				E11DAD31242B92E600B4B733 /* HealthChallenge */,
				E11DAD47242B92E800B4B733 /* HealthChallengeTests */,
			);
		};
/* End PBXProject section */

/* Begin PBXResourcesBuildPhase section */
		E11DAD30242B92E600B4B733 /* Resources */ = {
			isa = PBXResourcesBuildPhase;
			buildActionMask = 2147483647;
			files = (
				E11DAD42242B92E800B4B733 /* LaunchScreen.storyboard in Resources */,
				E11DAD3F242B92E800B4B733 /* Assets.xcassets in Resources */,
				E11DAD3D242B92E700B4B733 /* Main.storyboard in Resources */,
			);
			runOnlyForDeploymentPostprocessing = 0;
		};
		E11DAD46242B92E800B4B733 /* Resources */ = {
			isa = PBXResourcesBuildPhase;
			buildActionMask = 2147483647;
			files = (
			);
			runOnlyForDeploymentPostprocessing = 0;
		};
/* End PBXResourcesBuildPhase section */

/* Begin PBXSourcesBuildPhase section */
		E11DAD2E242B92E600B4B733 /* Sources */ = {
			isa = PBXSourcesBuildPhase;
			buildActionMask = 2147483647;
			files = (
				E11DAD3A242B92E700B4B733 /* ViewController.swift in Sources */,
				E11DAD36242B92E700B4B733 /* AppDelegate.swift in Sources */,
				E11DAD38242B92E700B4B733 /* SceneDelegate.swift in Sources */,
			);
			runOnlyForDeploymentPostprocessing = 0;
		};
		E11DAD44242B92E800B4B733 /* Sources */ = {
			isa = PBXSourcesBuildPhase;
			buildActionMask = 2147483647;
			files = (
				E11DAD4D242B92E800B4B733 /* HealthChallengeTests.swift in Sources */,
			);
			runOnlyForDeploymentPostprocessing = 0;
		};
/* End PBXSourcesBuildPhase section */

/* Begin PBXTargetDependency section */
		E11DAD4A242B92E800B4B733 /* PBXTargetDependency */ = {
			isa = PBXTargetDependency;
			target = E11DAD31242B92E600B4B733 /* HealthChallenge */;
			targetProxy = E11DAD49242B92E800B4B733 /* PBXContainerItemProxy */;
		};
/* End PBXTargetDependency section */

/* Begin PBXVariantGroup section */
		E11DAD3B242B92E700B4B733 /* Main.storyboard */ = {
			isa = PBXVariantGroup;
			children = (
				E11DAD3C242B92E700B4B733 /* Base */,
			);
			name = Main.storyboard;
			sourceTree = "<group>";
		};
		E11DAD40242B92E800B4B733 /* LaunchScreen.storyboard */ = {
			isa = PBXVariantGroup;
			children = (
				E11DAD41242B92E800B4B733 /* Base */,
			);
			name = LaunchScreen.storyboard;
			sourceTree = "<group>";
		};
/* End PBXVariantGroup section */

/* Begin XCBuildConfiguration section */
		E11DAD4F242B92E800B4B733 /* Debug */ = {
			isa = XCBuildConfiguration;
			buildSettings = {
				ALWAYS_SEARCH_USER_PATHS = NO;
				CLANG_ANALYZER_NONNULL = YES;
				CLANG_ANALYZER_NUMBER_OBJECT_CONVERSION = YES_AGGRESSIVE;
				CLANG_CXX_LANGUAGE_STANDARD = "gnu++14";
				CLANG_CXX_LIBRARY = "libc++";
				CLANG_ENABLE_MODULES = YES;
				CLANG_ENABLE_OBJC_ARC = YES;
				CLANG_ENABLE_OBJC_WEAK = YES;
				CLANG_WARN_BLOCK_CAPTURE_AUTORELEASING = YES;
				CLANG_WARN_BOOL_CONVERSION = YES;
				CLANG_WARN_COMMA = YES;
				CLANG_WARN_CONSTANT_CONVERSION = YES;
				CLANG_WARN_DEPRECATED_OBJC_IMPLEMENTATIONS = YES;
				CLANG_WARN_DIRECT_OBJC_ISA_USAGE = YES_ERROR;
				CLANG_WARN_DOCUMENTATION_COMMENTS = YES;
				CLANG_WARN_EMPTY_BODY = YES;
				CLANG_WARN_ENUM_CONVERSION = YES;
				CLANG_WARN_INFINITE_RECURSION = YES;
				CLANG_WARN_INT_CONVERSION = YES;
				CLANG_WARN_NON_LITERAL_NULL_CONVERSION = YES;
				CLANG_WARN_OBJC_IMPLICIT_RETAIN_SELF = YES;
				CLANG_WARN_OBJC_LITERAL_CONVERSION = YES;
				CLANG_WARN_OBJC_ROOT_CLASS = YES_ERROR;
				CLANG_WARN_RANGE_LOOP_ANALYSIS = YES;
				CLANG_WARN_STRICT_PROTOTYPES = YES;
				CLANG_WARN_SUSPICIOUS_MOVE = YES;
				CLANG_WARN_UNGUARDED_AVAILABILITY = YES_AGGRESSIVE;
				CLANG_WARN_UNREACHABLE_CODE = YES;
				CLANG_WARN__DUPLICATE_METHOD_MATCH = YES;
				COPY_PHASE_STRIP = NO;
				DEBUG_INFORMATION_FORMAT = dwarf;
				ENABLE_STRICT_OBJC_MSGSEND = YES;
				ENABLE_TESTABILITY = YES;
				GCC_C_LANGUAGE_STANDARD = gnu11;
				GCC_DYNAMIC_NO_PIC = NO;
				GCC_NO_COMMON_BLOCKS = YES;
				GCC_OPTIMIZATION_LEVEL = 0;
				GCC_PREPROCESSOR_DEFINITIONS = (
					"DEBUG=1",
					"$(inherited)",
				);
				GCC_WARN_64_TO_32_BIT_CONVERSION = YES;
				GCC_WARN_ABOUT_RETURN_TYPE = YES_ERROR;
				GCC_WARN_UNDECLARED_SELECTOR = YES;
				GCC_WARN_UNINITIALIZED_AUTOS = YES_AGGRESSIVE;
				GCC_WARN_UNUSED_FUNCTION = YES;
				GCC_WARN_UNUSED_VARIABLE = YES;
				IPHONEOS_DEPLOYMENT_TARGET = 13.2;
				MTL_ENABLE_DEBUG_INFO = INCLUDE_SOURCE;
				MTL_FAST_MATH = YES;
				ONLY_ACTIVE_ARCH = YES;
				SDKROOT = iphoneos;
				SWIFT_ACTIVE_COMPILATION_CONDITIONS = DEBUG;
				SWIFT_OPTIMIZATION_LEVEL = "-Onone";
			};
			name = Debug;
		};
		E11DAD50242B92E800B4B733 /* Release */ = {
			isa = XCBuildConfiguration;
			buildSettings = {
				ALWAYS_SEARCH_USER_PATHS = NO;
				CLANG_ANALYZER_NONNULL = YES;
				CLANG_ANALYZER_NUMBER_OBJECT_CONVERSION = YES_AGGRESSIVE;
				CLANG_CXX_LANGUAGE_STANDARD = "gnu++14";
				CLANG_CXX_LIBRARY = "libc++";
				CLANG_ENABLE_MODULES = YES;
				CLANG_ENABLE_OBJC_ARC = YES;
				CLANG_ENABLE_OBJC_WEAK = YES;
				CLANG_WARN_BLOCK_CAPTURE_AUTORELEASING = YES;
				CLANG_WARN_BOOL_CONVERSION = YES;
				CLANG_WARN_COMMA = YES;
				CLANG_WARN_CONSTANT_CONVERSION = YES;
				CLANG_WARN_DEPRECATED_OBJC_IMPLEMENTATIONS = YES;
				CLANG_WARN_DIRECT_OBJC_ISA_USAGE = YES_ERROR;
				CLANG_WARN_DOCUMENTATION_COMMENTS = YES;
				CLANG_WARN_EMPTY_BODY = YES;
				CLANG_WARN_ENUM_CONVERSION = YES;
				CLANG_WARN_INFINITE_RECURSION = YES;
				CLANG_WARN_INT_CONVERSION = YES;
				CLANG_WARN_NON_LITERAL_NULL_CONVERSION = YES;
				CLANG_WARN_OBJC_IMPLICIT_RETAIN_SELF = YES;
				CLANG_WARN_OBJC_LITERAL_CONVERSION = YES;
				CLANG_WARN_OBJC_ROOT_CLASS = YES_ERROR;
				CLANG_WARN_RANGE_LOOP_ANALYSIS = YES;
				CLANG_WARN_STRICT_PROTOTYPES = YES;
				CLANG_WARN_SUSPICIOUS_MOVE = YES;
				CLANG_WARN_UNGUARDED_AVAILABILITY = YES_AGGRESSIVE;
				CLANG_WARN_UNREACHABLE_CODE = YES;
				CLANG_WARN__DUPLICATE_METHOD_MATCH = YES;
				COPY_PHASE_STRIP = NO;
				DEBUG_INFORMATION_FORMAT = "dwarf-with-dsym";
				ENABLE_NS_ASSERTIONS = NO;
				ENABLE_STRICT_OBJC_MSGSEND = YES;
				GCC_C_LANGUAGE_STANDARD = gnu11;
				GCC_NO_COMMON_BLOCKS = YES;
				GCC_WARN_64_TO_32_BIT_CONVERSION = YES;
				GCC_WARN_ABOUT_RETURN_TYPE = YES_ERROR;
				GCC_WARN_UNDECLARED_SELECTOR = YES;
				GCC_WARN_UNINITIALIZED_AUTOS = YES_AGGRESSIVE;
				GCC_WARN_UNUSED_FUNCTION = YES;
				GCC_WARN_UNUSED_VARIABLE = YES;
				IPHONEOS_DEPLOYMENT_TARGET = 13.2;
				MTL_ENABLE_DEBUG_INFO = NO;
				MTL_FAST_MATH = YES;
				SDKROOT = iphoneos;
				SWIFT_COMPILATION_MODE = wholemodule;
				SWIFT_OPTIMIZATION_LEVEL = "-O";
				VALIDATE_PRODUCT = YES;
			};
			name = Release;
		};
		E11DAD52242B92E800B4B733 /* Debug */ = {
			isa = XCBuildConfiguration;
			buildSettings = {
				ASSETCATALOG_COMPILER_APPICON_NAME = AppIcon;
				CODE_SIGN_STYLE = Automatic;
				DEVELOPMENT_TEAM = ULTGL94E92;
				INFOPLIST_FILE = HealthChallenge/Info.plist;
				LD_RUNPATH_SEARCH_PATHS = (
					"$(inherited)",
					"@executable_path/Frameworks",
				);
				PRODUCT_BUNDLE_IDENTIFIER = com.amt.org.HealthChallenge;
				PRODUCT_NAME = "$(TARGET_NAME)";
				SWIFT_VERSION = 5.0;
				TARGETED_DEVICE_FAMILY = "1,2";
			};
			name = Debug;
		};
		E11DAD53242B92E800B4B733 /* Release */ = {
			isa = XCBuildConfiguration;
			buildSettings = {
				ASSETCATALOG_COMPILER_APPICON_NAME = AppIcon;
				CODE_SIGN_STYLE = Automatic;
				DEVELOPMENT_TEAM = ULTGL94E92;
				INFOPLIST_FILE = HealthChallenge/Info.plist;
				LD_RUNPATH_SEARCH_PATHS = (
					"$(inherited)",
					"@executable_path/Frameworks",
				);
				PRODUCT_BUNDLE_IDENTIFIER = com.amt.org.HealthChallenge;
				PRODUCT_NAME = "$(TARGET_NAME)";
				SWIFT_VERSION = 5.0;
				TARGETED_DEVICE_FAMILY = "1,2";
			};
			name = Release;
		};
		E11DAD55242B92E800B4B733 /* Debug */ = {
			isa = XCBuildConfiguration;
			buildSettings = {
				ALWAYS_EMBED_SWIFT_STANDARD_LIBRARIES = YES;
				BUNDLE_LOADER = "$(TEST_HOST)";
				CODE_SIGN_STYLE = Automatic;
				DEVELOPMENT_TEAM = ULTGL94E92;
				INFOPLIST_FILE = HealthChallengeTests/Info.plist;
				IPHONEOS_DEPLOYMENT_TARGET = 13.2;
				LD_RUNPATH_SEARCH_PATHS = (
					"$(inherited)",
					"@executable_path/Frameworks",
					"@loader_path/Frameworks",
				);
				PRODUCT_BUNDLE_IDENTIFIER = com.amt.org.HealthChallengeTests;
				PRODUCT_NAME = "$(TARGET_NAME)";
				SWIFT_VERSION = 5.0;
				TARGETED_DEVICE_FAMILY = "1,2";
				TEST_HOST = "$(BUILT_PRODUCTS_DIR)/HealthChallenge.app/HealthChallenge";
			};
			name = Debug;
		};
		E11DAD56242B92E800B4B733 /* Release */ = {
			isa = XCBuildConfiguration;
			buildSettings = {
				ALWAYS_EMBED_SWIFT_STANDARD_LIBRARIES = YES;
				BUNDLE_LOADER = "$(TEST_HOST)";
				CODE_SIGN_STYLE = Automatic;
				DEVELOPMENT_TEAM = ULTGL94E92;
				INFOPLIST_FILE = HealthChallengeTests/Info.plist;
				IPHONEOS_DEPLOYMENT_TARGET = 13.2;
				LD_RUNPATH_SEARCH_PATHS = (
					"$(inherited)",
					"@executable_path/Frameworks",
					"@loader_path/Frameworks",
				);
				PRODUCT_BUNDLE_IDENTIFIER = com.amt.org.HealthChallengeTests;
				PRODUCT_NAME = "$(TARGET_NAME)";
				SWIFT_VERSION = 5.0;
				TARGETED_DEVICE_FAMILY = "1,2";
				TEST_HOST = "$(BUILT_PRODUCTS_DIR)/HealthChallenge.app/HealthChallenge";
			};
			name = Release;
		};
/* End XCBuildConfiguration section */

/* Begin XCConfigurationList section */
		E11DAD2D242B92E600B4B733 /* Build configuration list for PBXProject "HealthChallenge" */ = {
			isa = XCConfigurationList;
			buildConfigurations = (
				E11DAD4F242B92E800B4B733 /* Debug */,
				E11DAD50242B92E800B4B733 /* Release */,
			);
			defaultConfigurationIsVisible = 0;
			defaultConfigurationName = Release;
		};
		E11DAD51242B92E800B4B733 /* Build configuration list for PBXNativeTarget "HealthChallenge" */ = {
			isa = XCConfigurationList;
			buildConfigurations = (
				E11DAD52242B92E800B4B733 /* Debug */,
				E11DAD53242B92E800B4B733 /* Release */,
			);
			defaultConfigurationIsVisible = 0;
			defaultConfigurationName = Release;
		};
		E11DAD54242B92E800B4B733 /* Build configuration list for PBXNativeTarget "HealthChallengeTests" */ = {
			isa = XCConfigurationList;
			buildConfigurations = (
				E11DAD55242B92E800B4B733 /* Debug */,
				E11DAD56242B92E800B4B733 /* Release */,
			);
			defaultConfigurationIsVisible = 0;
			defaultConfigurationName = Release;
		};
/* End XCConfigurationList section */
	};
	rootObject = E11DAD2A242B92E600B4B733 /* Project object */;
}
