// !$*UTF8*$!
{
	archiveVersion = 1;
	classes = {
	};
	objectVersion = 51;
	objects = {

/* Begin PBXBuildFile section */
		E11DAD36242B92E700B4B733 /* AppDelegate.swift in Sources */ = {isa = PBXBuildFile; fileRef = E11DAD35242B92E700B4B733 /* AppDelegate.swift */; };
		E11DAD38242B92E700B4B733 /* SceneDelegate.swift in Sources */ = {isa = PBXBuildFile; fileRef = E11DAD37242B92E700B4B733 /* SceneDelegate.swift */; };
		E11DAD3D242B92E700B4B733 /* Main.storyboard in Resources */ = {isa = PBXBuildFile; fileRef = E11DAD3B242B92E700B4B733 /* Main.storyboard */; };
		E11DAD3F242B92E800B4B733 /* Assets.xcassets in Resources */ = {isa = PBXBuildFile; fileRef = E11DAD3E242B92E800B4B733 /* Assets.xcassets */; };
		E11DAD42242B92E800B4B733 /* LaunchScreen.storyboard in Resources */ = {isa = PBXBuildFile; fileRef = E11DAD40242B92E800B4B733 /* LaunchScreen.storyboard */; };
		E11DAD5B242B959A00B4B733 /* SereviceDataModel.swift in Sources */ = {isa = PBXBuildFile; fileRef = E11DAD5A242B959A00B4B733 /* SereviceDataModel.swift */; };
		E11DAD63242B9D7100B4B733 /* CarthageInputFile.xcfilelist in Resources */ = {isa = PBXBuildFile; fileRef = E11DAD62242B9D7100B4B733 /* CarthageInputFile.xcfilelist */; };
		E11DAD65242B9DB700B4B733 /* CarthageOutputFile.xcfilelist in Resources */ = {isa = PBXBuildFile; fileRef = E11DAD64242B9DB700B4B733 /* CarthageOutputFile.xcfilelist */; };
		E11DAD6A242BA1C300B4B733 /* Alamofire.framework in Frameworks */ = {isa = PBXBuildFile; fileRef = E11DAD69242BA1C300B4B733 /* Alamofire.framework */; };
		E1361710242C1E9300FD7691 /* ServiceAPIProxyTest.swift in Sources */ = {isa = PBXBuildFile; fileRef = E136170F242C1E9300FD7691 /* ServiceAPIProxyTest.swift */; };
		E1361712242C29A200FD7691 /* ServiceAPIProxyFactory.swift in Sources */ = {isa = PBXBuildFile; fileRef = E1361711242C29A200FD7691 /* ServiceAPIProxyFactory.swift */; };
		E13E1B24242D75E600E75042 /* LocalDataModel.swift in Sources */ = {isa = PBXBuildFile; fileRef = E13E1B23242D75E600E75042 /* LocalDataModel.swift */; };
		E13E1B26242D7D6C00E75042 /* LocalDataManager.swift in Sources */ = {isa = PBXBuildFile; fileRef = E13E1B25242D7D6C00E75042 /* LocalDataManager.swift */; };
		E1403A7D242D8D9E002252FA /* RealmSwift.framework in Frameworks */ = {isa = PBXBuildFile; fileRef = E13E1B27242D8D3700E75042 /* RealmSwift.framework */; };
		E1403A7F242D9719002252FA /* LocalDataManagerTest.swift in Sources */ = {isa = PBXBuildFile; fileRef = E1403A7E242D9719002252FA /* LocalDataManagerTest.swift */; };
		E1403A81242E3BC3002252FA /* SplashViewController.swift in Sources */ = {isa = PBXBuildFile; fileRef = E1403A80242E3BC3002252FA /* SplashViewController.swift */; };
		E1403A83242E3E94002252FA /* ChallengesTableTableViewController.swift in Sources */ = {isa = PBXBuildFile; fileRef = E1403A82242E3E94002252FA /* ChallengesTableTableViewController.swift */; };
		E1403A85242E402A002252FA /* ChallengeDetailViewController.swift in Sources */ = {isa = PBXBuildFile; fileRef = E1403A84242E402A002252FA /* ChallengeDetailViewController.swift */; };
		E1403A87242FA352002252FA /* SplashViewPresenter.swift in Sources */ = {isa = PBXBuildFile; fileRef = E1403A86242FA352002252FA /* SplashViewPresenter.swift */; };
		E1403A8B242FA745002252FA /* ChallengesTableViewPresenter.swift in Sources */ = {isa = PBXBuildFile; fileRef = E1403A8A242FA745002252FA /* ChallengesTableViewPresenter.swift */; };
		E1403A8D242FABF5002252FA /* Lottie.framework in Frameworks */ = {isa = PBXBuildFile; fileRef = E1403A8C242FABF5002252FA /* Lottie.framework */; };
		E1403A90242FAE11002252FA /* splash-loading-aimation.json in Resources */ = {isa = PBXBuildFile; fileRef = E1403A8F242FAE11002252FA /* splash-loading-aimation.json */; };
		E1403A97242FD5D9002252FA /* ChallengeTableViewCell.swift in Sources */ = {isa = PBXBuildFile; fileRef = E1403A96242FD5D9002252FA /* ChallengeTableViewCell.swift */; };
		E1A5C6E32432A36B0036B32C /* MockServiceResponse.swift in Sources */ = {isa = PBXBuildFile; fileRef = E1A5C6E22432A36B0036B32C /* MockServiceResponse.swift */; };
		E1A5C6E62432B47A0036B32C /* ServicesAPIProxy.swift in Sources */ = {isa = PBXBuildFile; fileRef = E11DAD66242B9EE000B4B733 /* ServicesAPIProxy.swift */; };
		E1BC940E242D188B0052614A /* Realm.framework in Frameworks */ = {isa = PBXBuildFile; fileRef = E1BC940D242D188B0052614A /* Realm.framework */; };
		E1F4EA83242FE464004E1108 /* details-animation.json in Resources */ = {isa = PBXBuildFile; fileRef = E1F4EA82242FE464004E1108 /* details-animation.json */; };
		E1F4EA85242FE760004E1108 /* ChallengeDetailsViewPresenter.swift in Sources */ = {isa = PBXBuildFile; fileRef = E1F4EA84242FE760004E1108 /* ChallengeDetailsViewPresenter.swift */; };
		E1F4EA8B24300798004E1108 /* HealthKit.framework in Frameworks */ = {isa = PBXBuildFile; fileRef = E1F4EA8A24300798004E1108 /* HealthKit.framework */; };
		E1F4EA9024315A1B004E1108 /* ShowStepsViewController.swift in Sources */ = {isa = PBXBuildFile; fileRef = E1F4EA8F24315A1B004E1108 /* ShowStepsViewController.swift */; };
		E1F4EA9224315DDF004E1108 /* phone-running.json in Resources */ = {isa = PBXBuildFile; fileRef = E1F4EA9124315DDF004E1108 /* phone-running.json */; };
		E1F4EA9424316ACD004E1108 /* ShowStepsPresenter.swift in Sources */ = {isa = PBXBuildFile; fileRef = E1F4EA9324316ACD004E1108 /* ShowStepsPresenter.swift */; };
		E1F4EA96243175C9004E1108 /* walking.json in Resources */ = {isa = PBXBuildFile; fileRef = E1F4EA95243175C9004E1108 /* walking.json */; };
/* End PBXBuildFile section */

/* Begin PBXContainerItemProxy section */
		E11DAD49242B92E800B4B733 /* PBXContainerItemProxy */ = {
			isa = PBXContainerItemProxy;
			containerPortal = E11DAD2A242B92E600B4B733 /* Project object */;
			proxyType = 1;
			remoteGlobalIDString = E11DAD31242B92E600B4B733;
			remoteInfo = HealthChallenge;
		};
/* End PBXContainerItemProxy section */

/* Begin PBXFileReference section */
		E11DAD32242B92E700B4B733 /* HealthChallenge.app */ = {isa = PBXFileReference; explicitFileType = wrapper.application; includeInIndex = 0; path = HealthChallenge.app; sourceTree = BUILT_PRODUCTS_DIR; };
		E11DAD35242B92E700B4B733 /* AppDelegate.swift */ = {isa = PBXFileReference; lastKnownFileType = sourcecode.swift; path = AppDelegate.swift; sourceTree = "<group>"; };
		E11DAD37242B92E700B4B733 /* SceneDelegate.swift */ = {isa = PBXFileReference; lastKnownFileType = sourcecode.swift; path = SceneDelegate.swift; sourceTree = "<group>"; };
		E11DAD3C242B92E700B4B733 /* Base */ = {isa = PBXFileReference; lastKnownFileType = file.storyboard; name = Base; path = Base.lproj/Main.storyboard; sourceTree = "<group>"; };
		E11DAD3E242B92E800B4B733 /* Assets.xcassets */ = {isa = PBXFileReference; lastKnownFileType = folder.assetcatalog; path = Assets.xcassets; sourceTree = "<group>"; };
		E11DAD41242B92E800B4B733 /* Base */ = {isa = PBXFileReference; lastKnownFileType = file.storyboard; name = Base; path = Base.lproj/LaunchScreen.storyboard; sourceTree = "<group>"; };
		E11DAD43242B92E800B4B733 /* Info.plist */ = {isa = PBXFileReference; lastKnownFileType = text.plist.xml; path = Info.plist; sourceTree = "<group>"; };
		E11DAD48242B92E800B4B733 /* HealthChallengeTests.xctest */ = {isa = PBXFileReference; explicitFileType = wrapper.cfbundle; includeInIndex = 0; path = HealthChallengeTests.xctest; sourceTree = BUILT_PRODUCTS_DIR; };
		E11DAD4E242B92E800B4B733 /* Info.plist */ = {isa = PBXFileReference; lastKnownFileType = text.plist.xml; path = Info.plist; sourceTree = "<group>"; };
		E11DAD5A242B959A00B4B733 /* SereviceDataModel.swift */ = {isa = PBXFileReference; lastKnownFileType = sourcecode.swift; path = SereviceDataModel.swift; sourceTree = "<group>"; };
		E11DAD62242B9D7100B4B733 /* CarthageInputFile.xcfilelist */ = {isa = PBXFileReference; lastKnownFileType = text.xcfilelist; path = CarthageInputFile.xcfilelist; sourceTree = "<group>"; };
		E11DAD64242B9DB700B4B733 /* CarthageOutputFile.xcfilelist */ = {isa = PBXFileReference; lastKnownFileType = text.xcfilelist; path = CarthageOutputFile.xcfilelist; sourceTree = "<group>"; };
		E11DAD66242B9EE000B4B733 /* ServicesAPIProxy.swift */ = {isa = PBXFileReference; lastKnownFileType = sourcecode.swift; path = ServicesAPIProxy.swift; sourceTree = "<group>"; };
		E11DAD69242BA1C300B4B733 /* Alamofire.framework */ = {isa = PBXFileReference; lastKnownFileType = wrapper.framework; name = Alamofire.framework; path = Carthage/Build/iOS/Alamofire.framework; sourceTree = "<group>"; };
		E136170F242C1E9300FD7691 /* ServiceAPIProxyTest.swift */ = {isa = PBXFileReference; lastKnownFileType = sourcecode.swift; path = ServiceAPIProxyTest.swift; sourceTree = "<group>"; };
		E1361711242C29A200FD7691 /* ServiceAPIProxyFactory.swift */ = {isa = PBXFileReference; lastKnownFileType = sourcecode.swift; path = ServiceAPIProxyFactory.swift; sourceTree = "<group>"; };
		E13E1B23242D75E600E75042 /* LocalDataModel.swift */ = {isa = PBXFileReference; lastKnownFileType = sourcecode.swift; path = LocalDataModel.swift; sourceTree = "<group>"; };
		E13E1B25242D7D6C00E75042 /* LocalDataManager.swift */ = {isa = PBXFileReference; lastKnownFileType = sourcecode.swift; path = LocalDataManager.swift; sourceTree = "<group>"; };
		E13E1B27242D8D3700E75042 /* RealmSwift.framework */ = {isa = PBXFileReference; lastKnownFileType = wrapper.framework; name = RealmSwift.framework; path = Carthage/Build/iOS/RealmSwift.framework; sourceTree = "<group>"; };
		E1403A7E242D9719002252FA /* LocalDataManagerTest.swift */ = {isa = PBXFileReference; lastKnownFileType = sourcecode.swift; path = LocalDataManagerTest.swift; sourceTree = "<group>"; };
		E1403A80242E3BC3002252FA /* SplashViewController.swift */ = {isa = PBXFileReference; lastKnownFileType = sourcecode.swift; path = SplashViewController.swift; sourceTree = "<group>"; };
		E1403A82242E3E94002252FA /* ChallengesTableTableViewController.swift */ = {isa = PBXFileReference; lastKnownFileType = sourcecode.swift; path = ChallengesTableTableViewController.swift; sourceTree = "<group>"; };
		E1403A84242E402A002252FA /* ChallengeDetailViewController.swift */ = {isa = PBXFileReference; lastKnownFileType = sourcecode.swift; path = ChallengeDetailViewController.swift; sourceTree = "<group>"; };
		E1403A86242FA352002252FA /* SplashViewPresenter.swift */ = {isa = PBXFileReference; lastKnownFileType = sourcecode.swift; path = SplashViewPresenter.swift; sourceTree = "<group>"; };
		E1403A8A242FA745002252FA /* ChallengesTableViewPresenter.swift */ = {isa = PBXFileReference; lastKnownFileType = sourcecode.swift; path = ChallengesTableViewPresenter.swift; sourceTree = "<group>"; };
		E1403A8C242FABF5002252FA /* Lottie.framework */ = {isa = PBXFileReference; lastKnownFileType = wrapper.framework; name = Lottie.framework; path = Carthage/Build/iOS/Lottie.framework; sourceTree = "<group>"; };
		E1403A8F242FAE11002252FA /* splash-loading-aimation.json */ = {isa = PBXFileReference; fileEncoding = 4; lastKnownFileType = text.json; path = "splash-loading-aimation.json"; sourceTree = "<group>"; };
		E1403A96242FD5D9002252FA /* ChallengeTableViewCell.swift */ = {isa = PBXFileReference; lastKnownFileType = sourcecode.swift; path = ChallengeTableViewCell.swift; sourceTree = "<group>"; };
		E1A5C6E22432A36B0036B32C /* MockServiceResponse.swift */ = {isa = PBXFileReference; lastKnownFileType = sourcecode.swift; path = MockServiceResponse.swift; sourceTree = "<group>"; };
		E1BC940D242D188B0052614A /* Realm.framework */ = {isa = PBXFileReference; lastKnownFileType = wrapper.framework; name = Realm.framework; path = Carthage/Build/iOS/Realm.framework; sourceTree = "<group>"; };
		E1F4EA82242FE464004E1108 /* details-animation.json */ = {isa = PBXFileReference; fileEncoding = 4; lastKnownFileType = text.json; path = "details-animation.json"; sourceTree = "<group>"; };
		E1F4EA84242FE760004E1108 /* ChallengeDetailsViewPresenter.swift */ = {isa = PBXFileReference; lastKnownFileType = sourcecode.swift; path = ChallengeDetailsViewPresenter.swift; sourceTree = "<group>"; };
		E1F4EA8924300798004E1108 /* HealthChallenge.entitlements */ = {isa = PBXFileReference; lastKnownFileType = text.plist.entitlements; path = HealthChallenge.entitlements; sourceTree = "<group>"; };
		E1F4EA8A24300798004E1108 /* HealthKit.framework */ = {isa = PBXFileReference; lastKnownFileType = wrapper.framework; name = HealthKit.framework; path = System/Library/Frameworks/HealthKit.framework; sourceTree = SDKROOT; };
		E1F4EA8F24315A1B004E1108 /* ShowStepsViewController.swift */ = {isa = PBXFileReference; lastKnownFileType = sourcecode.swift; path = ShowStepsViewController.swift; sourceTree = "<group>"; };
		E1F4EA9124315DDF004E1108 /* phone-running.json */ = {isa = PBXFileReference; fileEncoding = 4; lastKnownFileType = text.json; path = "phone-running.json"; sourceTree = "<group>"; };
		E1F4EA9324316ACD004E1108 /* ShowStepsPresenter.swift */ = {isa = PBXFileReference; lastKnownFileType = sourcecode.swift; path = ShowStepsPresenter.swift; sourceTree = "<group>"; };
		E1F4EA95243175C9004E1108 /* walking.json */ = {isa = PBXFileReference; fileEncoding = 4; lastKnownFileType = text.json; path = walking.json; sourceTree = "<group>"; };
/* End PBXFileReference section */

/* Begin PBXFrameworksBuildPhase section */
		E11DAD2F242B92E600B4B733 /* Frameworks */ = {
			isa = PBXFrameworksBuildPhase;
			buildActionMask = 2147483647;
			files = (
				E1403A7D242D8D9E002252FA /* RealmSwift.framework in Frameworks */,
				E1BC940E242D188B0052614A /* Realm.framework in Frameworks */,
				E11DAD6A242BA1C300B4B733 /* Alamofire.framework in Frameworks */,
				E1403A8D242FABF5002252FA /* Lottie.framework in Frameworks */,
				E1F4EA8B24300798004E1108 /* HealthKit.framework in Frameworks */,
			);
			runOnlyForDeploymentPostprocessing = 0;
		};
		E11DAD45242B92E800B4B733 /* Frameworks */ = {
			isa = PBXFrameworksBuildPhase;
			buildActionMask = 2147483647;
			files = (
			);
			runOnlyForDeploymentPostprocessing = 0;
		};
/* End PBXFrameworksBuildPhase section */

/* Begin PBXGroup section */
		E11DAD29242B92E600B4B733 = {
			isa = PBXGroup;
			children = (
				E1403A8E242FADFA002252FA /* Animations */,
				E11DAD61242B9CBB00B4B733 /* Dependencies */,
				E11DAD34242B92E700B4B733 /* HealthChallenge */,
				E11DAD4B242B92E800B4B733 /* HealthChallengeTests */,
				E11DAD33242B92E700B4B733 /* Products */,
				E11DAD68242BA1C300B4B733 /* Frameworks */,
			);
			sourceTree = "<group>";
		};
		E11DAD33242B92E700B4B733 /* Products */ = {
			isa = PBXGroup;
			children = (
				E11DAD32242B92E700B4B733 /* HealthChallenge.app */,
				E11DAD48242B92E800B4B733 /* HealthChallengeTests.xctest */,
			);
			name = Products;
			sourceTree = "<group>";
		};
		E11DAD34242B92E700B4B733 /* HealthChallenge */ = {
			isa = PBXGroup;
			children = (
				E1F4EA8924300798004E1108 /* HealthChallenge.entitlements */,
				E11DAD59242B94FA00B4B733 /* HealthChallengeUI */,
				E11DAD58242B94B900B4B733 /* HealthChallengeDataModel */,
				E11DAD57242B946800B4B733 /* HealthChallengeWebAPI */,
				E1F4EA8824300676004E1108 /* AppConfiguration */,
				E1F4EA8724300669004E1108 /* Assets */,
				E11DAD43242B92E800B4B733 /* Info.plist */,
			);
			path = HealthChallenge;
			sourceTree = "<group>";
		};
		E11DAD4B242B92E800B4B733 /* HealthChallengeTests */ = {
			isa = PBXGroup;
			children = (
				E11DAD4E242B92E800B4B733 /* Info.plist */,
				E1A5C6E42432A3760036B32C /* MockedData */,
				E136170F242C1E9300FD7691 /* ServiceAPIProxyTest.swift */,
				E1403A7E242D9719002252FA /* LocalDataManagerTest.swift */,
			);
			path = HealthChallengeTests;
			sourceTree = "<group>";
		};
		E11DAD57242B946800B4B733 /* HealthChallengeWebAPI */ = {
			isa = PBXGroup;
			children = (
				E11DAD5A242B959A00B4B733 /* SereviceDataModel.swift */,
				E11DAD66242B9EE000B4B733 /* ServicesAPIProxy.swift */,
				E1361711242C29A200FD7691 /* ServiceAPIProxyFactory.swift */,
			);
			path = HealthChallengeWebAPI;
			sourceTree = "<group>";
		};
		E11DAD58242B94B900B4B733 /* HealthChallengeDataModel */ = {
			isa = PBXGroup;
			children = (
				E13E1B23242D75E600E75042 /* LocalDataModel.swift */,
				E13E1B25242D7D6C00E75042 /* LocalDataManager.swift */,
			);
			path = HealthChallengeDataModel;
			sourceTree = "<group>";
		};
		E11DAD59242B94FA00B4B733 /* HealthChallengeUI */ = {
			isa = PBXGroup;
			children = (
				E1403A88242FA6E0002252FA /* SplashView */,
				E1403A89242FA711002252FA /* Navigation */,
			);
			path = HealthChallengeUI;
			sourceTree = "<group>";
		};
		E11DAD61242B9CBB00B4B733 /* Dependencies */ = {
			isa = PBXGroup;
			children = (
				E11DAD62242B9D7100B4B733 /* CarthageInputFile.xcfilelist */,
				E11DAD64242B9DB700B4B733 /* CarthageOutputFile.xcfilelist */,
			);
			path = Dependencies;
			sourceTree = "<group>";
		};
		E11DAD68242BA1C300B4B733 /* Frameworks */ = {
			isa = PBXGroup;
			children = (
				E1F4EA8A24300798004E1108 /* HealthKit.framework */,
				E1403A8C242FABF5002252FA /* Lottie.framework */,
				E13E1B27242D8D3700E75042 /* RealmSwift.framework */,
				E1BC940D242D188B0052614A /* Realm.framework */,
				E11DAD69242BA1C300B4B733 /* Alamofire.framework */,
			);
			name = Frameworks;
			sourceTree = "<group>";
		};
		E1403A88242FA6E0002252FA /* SplashView */ = {
			isa = PBXGroup;
			children = (
				E1403A80242E3BC3002252FA /* SplashViewController.swift */,
				E1403A86242FA352002252FA /* SplashViewPresenter.swift */,
			);
			path = SplashView;
			sourceTree = "<group>";
		};
		E1403A89242FA711002252FA /* Navigation */ = {
			isa = PBXGroup;
			children = (
				E1403A95242FBD7D002252FA /* ChallengesTableView */,
				E1F4EA86243005DD004E1108 /* ChallengeDetailsView */,
				E1A5C6E72432B7DE0036B32C /* ShowStepsView */,
			);
			path = Navigation;
			sourceTree = "<group>";
		};
		E1403A8E242FADFA002252FA /* Animations */ = {
			isa = PBXGroup;
			children = (
				E1403A8F242FAE11002252FA /* splash-loading-aimation.json */,
				E1F4EA82242FE464004E1108 /* details-animation.json */,
				E1F4EA9124315DDF004E1108 /* phone-running.json */,
				E1F4EA95243175C9004E1108 /* walking.json */,
			);
			path = Animations;
			sourceTree = "<group>";
		};
		E1403A95242FBD7D002252FA /* ChallengesTableView */ = {
			isa = PBXGroup;
			children = (
				E1403A82242E3E94002252FA /* ChallengesTableTableViewController.swift */,
				E1403A8A242FA745002252FA /* ChallengesTableViewPresenter.swift */,
				E1403A96242FD5D9002252FA /* ChallengeTableViewCell.swift */,
			);
			path = ChallengesTableView;
			sourceTree = "<group>";
		};
		E1A5C6E42432A3760036B32C /* MockedData */ = {
			isa = PBXGroup;
			children = (
				E1A5C6E22432A36B0036B32C /* MockServiceResponse.swift */,
			);
			path = MockedData;
			sourceTree = "<group>";
		};
		E1A5C6E72432B7DE0036B32C /* ShowStepsView */ = {
			isa = PBXGroup;
			children = (
				E1F4EA8F24315A1B004E1108 /* ShowStepsViewController.swift */,
				E1F4EA9324316ACD004E1108 /* ShowStepsPresenter.swift */,
			);
			path = ShowStepsView;
			sourceTree = "<group>";
		};
		E1F4EA86243005DD004E1108 /* ChallengeDetailsView */ = {
			isa = PBXGroup;
			children = (
				E1403A84242E402A002252FA /* ChallengeDetailViewController.swift */,
				E1F4EA84242FE760004E1108 /* ChallengeDetailsViewPresenter.swift */,
			);
			path = ChallengeDetailsView;
			sourceTree = "<group>";
		};
		E1F4EA8724300669004E1108 /* Assets */ = {
			isa = PBXGroup;
			children = (
				E11DAD3B242B92E700B4B733 /* Main.storyboard */,
				E11DAD3E242B92E800B4B733 /* Assets.xcassets */,
				E11DAD40242B92E800B4B733 /* LaunchScreen.storyboard */,
			);
			path = Assets;
			sourceTree = "<group>";
		};
		E1F4EA8824300676004E1108 /* AppConfiguration */ = {
			isa = PBXGroup;
			children = (
				E11DAD35242B92E700B4B733 /* AppDelegate.swift */,
				E11DAD37242B92E700B4B733 /* SceneDelegate.swift */,
			);
			path = AppConfiguration;
			sourceTree = "<group>";
		};
/* End PBXGroup section */

/* Begin PBXNativeTarget section */
		E11DAD31242B92E600B4B733 /* HealthChallenge */ = {
			isa = PBXNativeTarget;
			buildConfigurationList = E11DAD51242B92E800B4B733 /* Build configuration list for PBXNativeTarget "HealthChallenge" */;
			buildPhases = (
				E11DAD2E242B92E600B4B733 /* Sources */,
				E11DAD2F242B92E600B4B733 /* Frameworks */,
				E11DAD30242B92E600B4B733 /* Resources */,
				E11DAD60242B9C0400B4B733 /* Run Script - Carthage Copy Frameworks */,
			);
			buildRules = (
			);
			dependencies = (
			);
			name = HealthChallenge;
			productName = HealthChallenge;
			productReference = E11DAD32242B92E700B4B733 /* HealthChallenge.app */;
			productType = "com.apple.product-type.application";
		};
		E11DAD47242B92E800B4B733 /* HealthChallengeTests */ = {
			isa = PBXNativeTarget;
			buildConfigurationList = E11DAD54242B92E800B4B733 /* Build configuration list for PBXNativeTarget "HealthChallengeTests" */;
			buildPhases = (
				E11DAD44242B92E800B4B733 /* Sources */,
				E11DAD45242B92E800B4B733 /* Frameworks */,
				E11DAD46242B92E800B4B733 /* Resources */,
			);
			buildRules = (
			);
			dependencies = (
				E11DAD4A242B92E800B4B733 /* PBXTargetDependency */,
			);
			name = HealthChallengeTests;
			productName = HealthChallengeTests;
			productReference = E11DAD48242B92E800B4B733 /* HealthChallengeTests.xctest */;
			productType = "com.apple.product-type.bundle.unit-test";
		};
/* End PBXNativeTarget section */

/* Begin PBXProject section */
		E11DAD2A242B92E600B4B733 /* Project object */ = {
			isa = PBXProject;
			attributes = {
				LastSwiftUpdateCheck = 1130;
				LastUpgradeCheck = 1130;
				ORGANIZATIONNAME = "Rafael Andres Amezquita Mejia";
				TargetAttributes = {
					E11DAD31242B92E600B4B733 = {
						CreatedOnToolsVersion = 11.3.1;
					};
					E11DAD47242B92E800B4B733 = {
						CreatedOnToolsVersion = 11.3.1;
						TestTargetID = E11DAD31242B92E600B4B733;
					};
				};
			};
			buildConfigurationList = E11DAD2D242B92E600B4B733 /* Build configuration list for PBXProject "HealthChallenge" */;
			compatibilityVersion = "Xcode 9.3";
			developmentRegion = en;
			hasScannedForEncodings = 0;
			knownRegions = (
				en,
				Base,
			);
			mainGroup = E11DAD29242B92E600B4B733;
			productRefGroup = E11DAD33242B92E700B4B733 /* Products */;
			projectDirPath = "";
			projectRoot = "";
			targets = (
				E11DAD31242B92E600B4B733 /* HealthChallenge */,
				E11DAD47242B92E800B4B733 /* HealthChallengeTests */,
			);
		};
/* End PBXProject section */

/* Begin PBXResourcesBuildPhase section */
		E11DAD30242B92E600B4B733 /* Resources */ = {
			isa = PBXResourcesBuildPhase;
			buildActionMask = 2147483647;
			files = (
				E11DAD65242B9DB700B4B733 /* CarthageOutputFile.xcfilelist in Resources */,
				E11DAD63242B9D7100B4B733 /* CarthageInputFile.xcfilelist in Resources */,
				E11DAD42242B92E800B4B733 /* LaunchScreen.storyboard in Resources */,
				E1F4EA83242FE464004E1108 /* details-animation.json in Resources */,
				E11DAD3F242B92E800B4B733 /* Assets.xcassets in Resources */,
				E1F4EA96243175C9004E1108 /* walking.json in Resources */,
				E1F4EA9224315DDF004E1108 /* phone-running.json in Resources */,
				E1403A90242FAE11002252FA /* splash-loading-aimation.json in Resources */,
				E11DAD3D242B92E700B4B733 /* Main.storyboard in Resources */,
			);
			runOnlyForDeploymentPostprocessing = 0;
		};
		E11DAD46242B92E800B4B733 /* Resources */ = {
			isa = PBXResourcesBuildPhase;
			buildActionMask = 2147483647;
			files = (
			);
			runOnlyForDeploymentPostprocessing = 0;
		};
/* End PBXResourcesBuildPhase section */

/* Begin PBXShellScriptBuildPhase section */
		E11DAD60242B9C0400B4B733 /* Run Script - Carthage Copy Frameworks */ = {
			isa = PBXShellScriptBuildPhase;
			buildActionMask = 2147483647;
			files = (
			);
			inputFileListPaths = (
				"$(SRCROOT)/Dependencies/CarthageInputFile.xcfilelist",
			);
			inputPaths = (
			);
			name = "Run Script - Carthage Copy Frameworks";
			outputFileListPaths = (
				"$(SRCROOT)/Dependencies/CarthageOutputFile.xcfilelist",
			);
			outputPaths = (
			);
			runOnlyForDeploymentPostprocessing = 0;
			shellPath = /bin/sh;
			shellScript = "# Type a script or drag a script file from your workspace to insert its path.\n/usr/local/bin/carthage copy-frameworks\n";
		};
/* End PBXShellScriptBuildPhase section */

/* Begin PBXSourcesBuildPhase section */
		E11DAD2E242B92E600B4B733 /* Sources */ = {
			isa = PBXSourcesBuildPhase;
			buildActionMask = 2147483647;
			files = (
				E1361712242C29A200FD7691 /* ServiceAPIProxyFactory.swift in Sources */,
				E1A5C6E62432B47A0036B32C /* ServicesAPIProxy.swift in Sources */,
				E1403A97242FD5D9002252FA /* ChallengeTableViewCell.swift in Sources */,
				E13E1B26242D7D6C00E75042 /* LocalDataManager.swift in Sources */,
				E1403A81242E3BC3002252FA /* SplashViewController.swift in Sources */,
				E1F4EA85242FE760004E1108 /* ChallengeDetailsViewPresenter.swift in Sources */,
				E1403A85242E402A002252FA /* ChallengeDetailViewController.swift in Sources */,
				E1403A83242E3E94002252FA /* ChallengesTableTableViewController.swift in Sources */,
				E1403A87242FA352002252FA /* SplashViewPresenter.swift in Sources */,
				E13E1B24242D75E600E75042 /* LocalDataModel.swift in Sources */,
				E11DAD5B242B959A00B4B733 /* SereviceDataModel.swift in Sources */,
				E1F4EA9424316ACD004E1108 /* ShowStepsPresenter.swift in Sources */,
				E11DAD36242B92E700B4B733 /* AppDelegate.swift in Sources */,
				E1403A8B242FA745002252FA /* ChallengesTableViewPresenter.swift in Sources */,
				E1F4EA9024315A1B004E1108 /* ShowStepsViewController.swift in Sources */,
				E11DAD38242B92E700B4B733 /* SceneDelegate.swift in Sources */,
			);
			runOnlyForDeploymentPostprocessing = 0;
		};
		E11DAD44242B92E800B4B733 /* Sources */ = {
			isa = PBXSourcesBuildPhase;
			buildActionMask = 2147483647;
			files = (
				E1361710242C1E9300FD7691 /* ServiceAPIProxyTest.swift in Sources */,
				E1A5C6E32432A36B0036B32C /* MockServiceResponse.swift in Sources */,
				E1403A7F242D9719002252FA /* LocalDataManagerTest.swift in Sources */,
			);
			runOnlyForDeploymentPostprocessing = 0;
		};
/* End PBXSourcesBuildPhase section */

/* Begin PBXTargetDependency section */
		E11DAD4A242B92E800B4B733 /* PBXTargetDependency */ = {
			isa = PBXTargetDependency;
			target = E11DAD31242B92E600B4B733 /* HealthChallenge */;
			targetProxy = E11DAD49242B92E800B4B733 /* PBXContainerItemProxy */;
		};
/* End PBXTargetDependency section */

/* Begin PBXVariantGroup section */
		E11DAD3B242B92E700B4B733 /* Main.storyboard */ = {
			isa = PBXVariantGroup;
			children = (
				E11DAD3C242B92E700B4B733 /* Base */,
			);
			name = Main.storyboard;
			sourceTree = "<group>";
		};
		E11DAD40242B92E800B4B733 /* LaunchScreen.storyboard */ = {
			isa = PBXVariantGroup;
			children = (
				E11DAD41242B92E800B4B733 /* Base */,
			);
			name = LaunchScreen.storyboard;
			sourceTree = "<group>";
		};
/* End PBXVariantGroup section */

/* Begin XCBuildConfiguration section */
		E11DAD4F242B92E800B4B733 /* Debug */ = {
			isa = XCBuildConfiguration;
			buildSettings = {
				ALWAYS_SEARCH_USER_PATHS = NO;
				CLANG_ANALYZER_NONNULL = YES;
				CLANG_ANALYZER_NUMBER_OBJECT_CONVERSION = YES_AGGRESSIVE;
				CLANG_CXX_LANGUAGE_STANDARD = "gnu++14";
				CLANG_CXX_LIBRARY = "libc++";
				CLANG_ENABLE_MODULES = YES;
				CLANG_ENABLE_OBJC_ARC = YES;
				CLANG_ENABLE_OBJC_WEAK = YES;
				CLANG_WARN_BLOCK_CAPTURE_AUTORELEASING = YES;
				CLANG_WARN_BOOL_CONVERSION = YES;
				CLANG_WARN_COMMA = YES;
				CLANG_WARN_CONSTANT_CONVERSION = YES;
				CLANG_WARN_DEPRECATED_OBJC_IMPLEMENTATIONS = YES;
				CLANG_WARN_DIRECT_OBJC_ISA_USAGE = YES_ERROR;
				CLANG_WARN_DOCUMENTATION_COMMENTS = YES;
				CLANG_WARN_EMPTY_BODY = YES;
				CLANG_WARN_ENUM_CONVERSION = YES;
				CLANG_WARN_INFINITE_RECURSION = YES;
				CLANG_WARN_INT_CONVERSION = YES;
				CLANG_WARN_NON_LITERAL_NULL_CONVERSION = YES;
				CLANG_WARN_OBJC_IMPLICIT_RETAIN_SELF = YES;
				CLANG_WARN_OBJC_LITERAL_CONVERSION = YES;
				CLANG_WARN_OBJC_ROOT_CLASS = YES_ERROR;
				CLANG_WARN_RANGE_LOOP_ANALYSIS = YES;
				CLANG_WARN_STRICT_PROTOTYPES = YES;
				CLANG_WARN_SUSPICIOUS_MOVE = YES;
				CLANG_WARN_UNGUARDED_AVAILABILITY = YES_AGGRESSIVE;
				CLANG_WARN_UNREACHABLE_CODE = YES;
				CLANG_WARN__DUPLICATE_METHOD_MATCH = YES;
				COPY_PHASE_STRIP = NO;
				DEBUG_INFORMATION_FORMAT = dwarf;
				ENABLE_STRICT_OBJC_MSGSEND = YES;
				ENABLE_TESTABILITY = YES;
				GCC_C_LANGUAGE_STANDARD = gnu11;
				GCC_DYNAMIC_NO_PIC = NO;
				GCC_NO_COMMON_BLOCKS = YES;
				GCC_OPTIMIZATION_LEVEL = 0;
				GCC_PREPROCESSOR_DEFINITIONS = (
					"DEBUG=1",
					"$(inherited)",
				);
				GCC_WARN_64_TO_32_BIT_CONVERSION = YES;
				GCC_WARN_ABOUT_RETURN_TYPE = YES_ERROR;
				GCC_WARN_UNDECLARED_SELECTOR = YES;
				GCC_WARN_UNINITIALIZED_AUTOS = YES_AGGRESSIVE;
				GCC_WARN_UNUSED_FUNCTION = YES;
				GCC_WARN_UNUSED_VARIABLE = YES;
				IPHONEOS_DEPLOYMENT_TARGET = 13.2;
				MTL_ENABLE_DEBUG_INFO = INCLUDE_SOURCE;
				MTL_FAST_MATH = YES;
				ONLY_ACTIVE_ARCH = YES;
				SDKROOT = iphoneos;
				SWIFT_ACTIVE_COMPILATION_CONDITIONS = DEBUG;
				SWIFT_OPTIMIZATION_LEVEL = "-Onone";
			};
			name = Debug;
		};
		E11DAD50242B92E800B4B733 /* Release */ = {
			isa = XCBuildConfiguration;
			buildSettings = {
				ALWAYS_SEARCH_USER_PATHS = NO;
				CLANG_ANALYZER_NONNULL = YES;
				CLANG_ANALYZER_NUMBER_OBJECT_CONVERSION = YES_AGGRESSIVE;
				CLANG_CXX_LANGUAGE_STANDARD = "gnu++14";
				CLANG_CXX_LIBRARY = "libc++";
				CLANG_ENABLE_MODULES = YES;
				CLANG_ENABLE_OBJC_ARC = YES;
				CLANG_ENABLE_OBJC_WEAK = YES;
				CLANG_WARN_BLOCK_CAPTURE_AUTORELEASING = YES;
				CLANG_WARN_BOOL_CONVERSION = YES;
				CLANG_WARN_COMMA = YES;
				CLANG_WARN_CONSTANT_CONVERSION = YES;
				CLANG_WARN_DEPRECATED_OBJC_IMPLEMENTATIONS = YES;
				CLANG_WARN_DIRECT_OBJC_ISA_USAGE = YES_ERROR;
				CLANG_WARN_DOCUMENTATION_COMMENTS = YES;
				CLANG_WARN_EMPTY_BODY = YES;
				CLANG_WARN_ENUM_CONVERSION = YES;
				CLANG_WARN_INFINITE_RECURSION = YES;
				CLANG_WARN_INT_CONVERSION = YES;
				CLANG_WARN_NON_LITERAL_NULL_CONVERSION = YES;
				CLANG_WARN_OBJC_IMPLICIT_RETAIN_SELF = YES;
				CLANG_WARN_OBJC_LITERAL_CONVERSION = YES;
				CLANG_WARN_OBJC_ROOT_CLASS = YES_ERROR;
				CLANG_WARN_RANGE_LOOP_ANALYSIS = YES;
				CLANG_WARN_STRICT_PROTOTYPES = YES;
				CLANG_WARN_SUSPICIOUS_MOVE = YES;
				CLANG_WARN_UNGUARDED_AVAILABILITY = YES_AGGRESSIVE;
				CLANG_WARN_UNREACHABLE_CODE = YES;
				CLANG_WARN__DUPLICATE_METHOD_MATCH = YES;
				COPY_PHASE_STRIP = NO;
				DEBUG_INFORMATION_FORMAT = "dwarf-with-dsym";
				ENABLE_NS_ASSERTIONS = NO;
				ENABLE_STRICT_OBJC_MSGSEND = YES;
				GCC_C_LANGUAGE_STANDARD = gnu11;
				GCC_NO_COMMON_BLOCKS = YES;
				GCC_WARN_64_TO_32_BIT_CONVERSION = YES;
				GCC_WARN_ABOUT_RETURN_TYPE = YES_ERROR;
				GCC_WARN_UNDECLARED_SELECTOR = YES;
				GCC_WARN_UNINITIALIZED_AUTOS = YES_AGGRESSIVE;
				GCC_WARN_UNUSED_FUNCTION = YES;
				GCC_WARN_UNUSED_VARIABLE = YES;
				IPHONEOS_DEPLOYMENT_TARGET = 13.2;
				MTL_ENABLE_DEBUG_INFO = NO;
				MTL_FAST_MATH = YES;
				SDKROOT = iphoneos;
				SWIFT_COMPILATION_MODE = wholemodule;
				SWIFT_OPTIMIZATION_LEVEL = "-O";
				VALIDATE_PRODUCT = YES;
			};
			name = Release;
		};
		E11DAD52242B92E800B4B733 /* Debug */ = {
			isa = XCBuildConfiguration;
			buildSettings = {
				ASSETCATALOG_COMPILER_APPICON_NAME = AppIcon;
				CODE_SIGN_ENTITLEMENTS = HealthChallenge/HealthChallenge.entitlements;
				CODE_SIGN_IDENTITY = "Apple Development";
				CODE_SIGN_STYLE = Automatic;
				DEBUG_INFORMATION_FORMAT = "dwarf-with-dsym";
				DEVELOPMENT_TEAM = XN874ZR3N2;
				FRAMEWORK_SEARCH_PATHS = (
					"$(inherited)",
					"$(PROJECT_DIR)/Carthage/Build/iOS",
				);
				INFOPLIST_FILE = HealthChallenge/Info.plist;
				LD_RUNPATH_SEARCH_PATHS = (
					"$(inherited)",
					"@executable_path/Frameworks",
				);
				PRODUCT_BUNDLE_IDENTIFIER = com.amt.HealthChallenge;
				PRODUCT_NAME = "$(TARGET_NAME)";
				PROVISIONING_PROFILE_SPECIFIER = "";
				SWIFT_VERSION = 5.0;
				TARGETED_DEVICE_FAMILY = "1,2";
			};
			name = Debug;
		};
		E11DAD53242B92E800B4B733 /* Release */ = {
			isa = XCBuildConfiguration;
			buildSettings = {
				ASSETCATALOG_COMPILER_APPICON_NAME = AppIcon;
				CODE_SIGN_ENTITLEMENTS = HealthChallenge/HealthChallenge.entitlements;
				CODE_SIGN_IDENTITY = "Apple Development";
				CODE_SIGN_STYLE = Automatic;
				DEVELOPMENT_TEAM = XN874ZR3N2;
				FRAMEWORK_SEARCH_PATHS = (
					"$(inherited)",
					"$(PROJECT_DIR)/Carthage/Build/iOS",
				);
				INFOPLIST_FILE = HealthChallenge/Info.plist;
				LD_RUNPATH_SEARCH_PATHS = (
					"$(inherited)",
					"@executable_path/Frameworks",
				);
				PRODUCT_BUNDLE_IDENTIFIER = com.amt.HealthChallenge;
				PRODUCT_NAME = "$(TARGET_NAME)";
				PROVISIONING_PROFILE_SPECIFIER = "";
				SWIFT_VERSION = 5.0;
				TARGETED_DEVICE_FAMILY = "1,2";
			};
			name = Release;
		};
		E11DAD55242B92E800B4B733 /* Debug */ = {
			isa = XCBuildConfiguration;
			buildSettings = {
				ALWAYS_EMBED_SWIFT_STANDARD_LIBRARIES = YES;
				BUNDLE_LOADER = "$(TEST_HOST)";
				CODE_SIGN_STYLE = Automatic;
				DEVELOPMENT_TEAM = ULTGL94E92;
				INFOPLIST_FILE = HealthChallengeTests/Info.plist;
				IPHONEOS_DEPLOYMENT_TARGET = 13.2;
				LD_RUNPATH_SEARCH_PATHS = (
					"$(inherited)",
					"@executable_path/Frameworks",
					"@loader_path/Frameworks",
				);
				PRODUCT_BUNDLE_IDENTIFIER = com.amt.org.HealthChallengeTests;
				PRODUCT_NAME = "$(TARGET_NAME)";
				SWIFT_VERSION = 5.0;
				TARGETED_DEVICE_FAMILY = "1,2";
				TEST_HOST = "$(BUILT_PRODUCTS_DIR)/HealthChallenge.app/HealthChallenge";
			};
			name = Debug;
		};
		E11DAD56242B92E800B4B733 /* Release */ = {
			isa = XCBuildConfiguration;
			buildSettings = {
				ALWAYS_EMBED_SWIFT_STANDARD_LIBRARIES = YES;
				BUNDLE_LOADER = "$(TEST_HOST)";
				CODE_SIGN_STYLE = Automatic;
				DEVELOPMENT_TEAM = ULTGL94E92;
				INFOPLIST_FILE = HealthChallengeTests/Info.plist;
				IPHONEOS_DEPLOYMENT_TARGET = 13.2;
				LD_RUNPATH_SEARCH_PATHS = (
					"$(inherited)",
					"@executable_path/Frameworks",
					"@loader_path/Frameworks",
				);
				PRODUCT_BUNDLE_IDENTIFIER = com.amt.org.HealthChallengeTests;
				PRODUCT_NAME = "$(TARGET_NAME)";
				SWIFT_VERSION = 5.0;
				TARGETED_DEVICE_FAMILY = "1,2";
				TEST_HOST = "$(BUILT_PRODUCTS_DIR)/HealthChallenge.app/HealthChallenge";
			};
			name = Release;
		};
/* End XCBuildConfiguration section */

/* Begin XCConfigurationList section */
		E11DAD2D242B92E600B4B733 /* Build configuration list for PBXProject "HealthChallenge" */ = {
			isa = XCConfigurationList;
			buildConfigurations = (
				E11DAD4F242B92E800B4B733 /* Debug */,
				E11DAD50242B92E800B4B733 /* Release */,
			);
			defaultConfigurationIsVisible = 0;
			defaultConfigurationName = Release;
		};
		E11DAD51242B92E800B4B733 /* Build configuration list for PBXNativeTarget "HealthChallenge" */ = {
			isa = XCConfigurationList;
			buildConfigurations = (
				E11DAD52242B92E800B4B733 /* Debug */,
				E11DAD53242B92E800B4B733 /* Release */,
			);
			defaultConfigurationIsVisible = 0;
			defaultConfigurationName = Release;
		};
		E11DAD54242B92E800B4B733 /* Build configuration list for PBXNativeTarget "HealthChallengeTests" */ = {
			isa = XCConfigurationList;
			buildConfigurations = (
				E11DAD55242B92E800B4B733 /* Debug */,
				E11DAD56242B92E800B4B733 /* Release */,
			);
			defaultConfigurationIsVisible = 0;
			defaultConfigurationName = Release;
		};
/* End XCConfigurationList section */
	};
	rootObject = E11DAD2A242B92E600B4B733 /* Project object */;
}
